
Microsoft Visual Studio Solution File, Format Version 12.00
# Visual Studio Version 16
VisualStudioVersion = 16.0.31313.79
MinimumVisualStudioVersion = 10.0.40219.1
Project("{FAE04EC0-301F-11D3-BF4B-00C04F79EFBC}") = "C21_Ex01_1", "C21_Ex01_01\C21_Ex01_1.csproj", "{8A815904-4727-43A9-A7F4-CA1820EA94DE}"
EndProject
Project("{FAE04EC0-301F-11D3-BF4B-00C04F79EFBC}") = "C21_Ex01_2", "C21_Ex01_02\C21_Ex01_2.csproj", "{F798BB92-408D-4B4C-B0AB-FC6B8BA453BB}"
EndProject
Project("{FAE04EC0-301F-11D3-BF4B-00C04F79EFBC}") = "C21_Ex01_3", "C21_Ex01_03\C21_Ex01_3.csproj", "{C623D350-A18E-420B-AEAA-337E3E69206D}"
EndProject
Project("{FAE04EC0-301F-11D3-BF4B-00C04F79EFBC}") = "C21_Ex01_4", "C21_Ex01_04\C21_Ex01_4.csproj", "{1CB693FA-839F-4155-8BFF-6FC0CCCE8E0E}"
EndProject
Project("{FAE04EC0-301F-11D3-BF4B-00C04F79EFBC}") = "C21_Ex01_6", "C21_Ex01_06\C21_Ex01_6.csproj", "{CB7DA4AA-4469-4682-BE46-E667E3656925}"
EndProject
Global
	GlobalSection(SolutionConfigurationPlatforms) = preSolution
		Debug|Any CPU = Debug|Any CPU
		Release|Any CPU = Release|Any CPU
	EndGlobalSection
	GlobalSection(ProjectConfigurationPlatforms) = postSolution
		{8A815904-4727-43A9-A7F4-CA1820EA94DE}.Debug|Any CPU.ActiveCfg = Debug|Any CPU
		{8A815904-4727-43A9-A7F4-CA1820EA94DE}.Debug|Any CPU.Build.0 = Debug|Any CPU
		{8A815904-4727-43A9-A7F4-CA1820EA94DE}.Release|Any CPU.ActiveCfg = Release|Any CPU
		{8A815904-4727-43A9-A7F4-CA1820EA94DE}.Release|Any CPU.Build.0 = Release|Any CPU
		{F798BB92-408D-4B4C-B0AB-FC6B8BA453BB}.Debug|Any CPU.ActiveCfg = Debug|Any CPU
		{F798BB92-408D-4B4C-B0AB-FC6B8BA453BB}.Debug|Any CPU.Build.0 = Debug|Any CPU
		{F798BB92-408D-4B4C-B0AB-FC6B8BA453BB}.Release|Any CPU.ActiveCfg = Release|Any CPU
		{F798BB92-408D-4B4C-B0AB-FC6B8BA453BB}.Release|Any CPU.Build.0 = Release|Any CPU
		{C623D350-A18E-420B-AEAA-337E3E69206D}.Debug|Any CPU.ActiveCfg = Debug|Any CPU
		{C623D350-A18E-420B-AEAA-337E3E69206D}.Debug|Any CPU.Build.0 = Debug|Any CPU
		{C623D350-A18E-420B-AEAA-337E3E69206D}.Release|Any CPU.ActiveCfg = Release|Any CPU
		{C623D350-A18E-420B-AEAA-337E3E69206D}.Release|Any CPU.Build.0 = Release|Any CPU
		{1CB693FA-839F-4155-8BFF-6FC0CCCE8E0E}.Debug|Any CPU.ActiveCfg = Debug|Any CPU
		{1CB693FA-839F-4155-8BFF-6FC0CCCE8E0E}.Debug|Any CPU.Build.0 = Debug|Any CPU
		{1CB693FA-839F-4155-8BFF-6FC0CCCE8E0E}.Release|Any CPU.ActiveCfg = Release|Any CPU
		{1CB693FA-839F-4155-8BFF-6FC0CCCE8E0E}.Release|Any CPU.Build.0 = Release|Any CPU
		{CB7DA4AA-4469-4682-BE46-E667E3656925}.Debug|Any CPU.ActiveCfg = Debug|Any CPU
		{CB7DA4AA-4469-4682-BE46-E667E3656925}.Debug|Any CPU.Build.0 = Debug|Any CPU
		{CB7DA4AA-4469-4682-BE46-E667E3656925}.Release|Any CPU.ActiveCfg = Release|Any CPU
		{CB7DA4AA-4469-4682-BE46-E667E3656925}.Release|Any CPU.Build.0 = Release|Any CPU
	EndGlobalSection
	GlobalSection(SolutionProperties) = preSolution
		HideSolutionNode = FALSE
	EndGlobalSection
	GlobalSection(ExtensibilityGlobals) = postSolution
		SolutionGuid = {31CDBCB8-9B3E-4FE6-94C8-957C1314DE5B}
	EndGlobalSection
EndGlobal
